
Microsoft Visual Studio Solution File, Format Version 12.00
# Visual Studio 15
VisualStudioVersion = 15.0.28010.2050
MinimumVisualStudioVersion = 10.0.40219.1
Project("{8BC9CEB8-8B4A-11D0-8D11-00A0C91BC942}") = "Ch5", "Ch5\Ch5.vcxproj", "{D02C4014-A1A5-4688-AFC9-D65F7B568A8C}"
EndProject
Global
	GlobalSection(SolutionConfigurationPlatforms) = preSolution
		Debug|x64 = Debug|x64
		Debug|x86 = Debug|x86
		Release|x64 = Release|x64
		Release|x86 = Release|x86
	EndGlobalSection
	GlobalSection(ProjectConfigurationPlatforms) = postSolution
		{D02C4014-A1A5-4688-AFC9-D65F7B568A8C}.Debug|x64.ActiveCfg = Debug|x64
		{D02C4014-A1A5-4688-AFC9-D65F7B568A8C}.Debug|x64.Build.0 = Debug|x64
		{D02C4014-A1A5-4688-AFC9-D65F7B568A8C}.Debug|x86.ActiveCfg = Debug|Win32
		{D02C4014-A1A5-4688-AFC9-D65F7B568A8C}.Debug|x86.Build.0 = Debug|Win32
		{D02C4014-A1A5-4688-AFC9-D65F7B568A8C}.Release|x64.ActiveCfg = Release|x64
		{D02C4014-A1A5-4688-AFC9-D65F7B568A8C}.Release|x64.Build.0 = Release|x64
		{D02C4014-A1A5-4688-AFC9-D65F7B568A8C}.Release|x86.ActiveCfg = Release|Win32
		{D02C4014-A1A5-4688-AFC9-D65F7B568A8C}.Release|x86.Build.0 = Release|Win32
	EndGlobalSection
	GlobalSection(SolutionProperties) = preSolution
		HideSolutionNode = FALSE
	EndGlobalSection
	GlobalSection(ExtensibilityGlobals) = postSolution
		SolutionGuid = {76AD23C0-522C-4D89-9816-E6B9062048CC}
	EndGlobalSection
EndGlobal
